
Microsoft Visual Studio Solution File, Format Version 10.00
# Visual Studio 2008
Project("{5B268528-5715-3389-943A-D0DF94E66CB6}") = "parser", "parser.mproj", "{1C597527-AE70-4B16-B00B-247398EDAA89}"
EndProject
Global
	GlobalSection(SolutionConfigurationPlatforms) = preSolution
		Debug|Any CPU = Debug|Any CPU
		Release|Any CPU = Release|Any CPU
	EndGlobalSection
	GlobalSection(ProjectConfigurationPlatforms) = postSolution
		{1C597527-AE70-4B16-B00B-247398EDAA89}.Debug|Any CPU.ActiveCfg = Debug|Any CPU
		{1C597527-AE70-4B16-B00B-247398EDAA89}.Debug|Any CPU.Build.0 = Debug|Any CPU
		{1C597527-AE70-4B16-B00B-247398EDAA89}.Release|Any CPU.ActiveCfg = Release|Any CPU
		{1C597527-AE70-4B16-B00B-247398EDAA89}.Release|Any CPU.Build.0 = Release|Any CPU
	EndGlobalSection
	GlobalSection(SolutionProperties) = preSolution
		HideSolutionNode = FALSE
	EndGlobalSection
EndGlobal
